
Microsoft Visual Studio Solution File, Format Version 12.00
# Visual Studio Version 17
VisualStudioVersion = 17.3.32901.215
MinimumVisualStudioVersion = 10.0.40219.1
Project("{FAE04EC0-301F-11D3-BF4B-00C04F79EFBC}") = "Day6", "Day6\Day6.csproj", "{1EDF1549-7DCE-4B44-9933-8A2DBD86D4FC}"
EndProject
Global
	GlobalSection(SolutionConfigurationPlatforms) = preSolution
		Debug|Any CPU = Debug|Any CPU
		Release|Any CPU = Release|Any CPU
	EndGlobalSection
	GlobalSection(ProjectConfigurationPlatforms) = postSolution
		{1EDF1549-7DCE-4B44-9933-8A2DBD86D4FC}.Debug|Any CPU.ActiveCfg = Debug|Any CPU
		{1EDF1549-7DCE-4B44-9933-8A2DBD86D4FC}.Debug|Any CPU.Build.0 = Debug|Any CPU
		{1EDF1549-7DCE-4B44-9933-8A2DBD86D4FC}.Release|Any CPU.ActiveCfg = Release|Any CPU
		{1EDF1549-7DCE-4B44-9933-8A2DBD86D4FC}.Release|Any CPU.Build.0 = Release|Any CPU
	EndGlobalSection
	GlobalSection(SolutionProperties) = preSolution
		HideSolutionNode = FALSE
	EndGlobalSection
	GlobalSection(ExtensibilityGlobals) = postSolution
		SolutionGuid = {28595971-9CC3-4A51-985B-F3084C22B954}
	EndGlobalSection
EndGlobal
